
Microsoft Visual Studio Solution File, Format Version 12.00
# Visual Studio 15
VisualStudioVersion = 15.0.28010.2050
MinimumVisualStudioVersion = 15.0.28010.2050
Project("{FAE04EC0-301F-11D3-BF4B-00C04F79EFBC}") = "xamarin.ui.core", "src\xamarin.ui.core\xamarin.ui.core.csproj", "{654855A7-7B7E-4669-951A-80B1C50C6805}"
EndProject
Project("{FAE04EC0-301F-11D3-BF4B-00C04F79EFBC}") = "xamarin.ui.gtk", "src\xamarin.ui.gtk\xamarin.ui.gtk.csproj", "{297D2854-52B6-4793-82B1-AE021F9C79B0}"
EndProject
Global
	GlobalSection(SolutionConfigurationPlatforms) = preSolution
		Debug|x86 = Debug|x86
		Release|x86 = Release|x86
	EndGlobalSection
	GlobalSection(ProjectConfigurationPlatforms) = postSolution
		{654855A7-7B7E-4669-951A-80B1C50C6805}.Debug|x86.ActiveCfg = Debug|x86
		{654855A7-7B7E-4669-951A-80B1C50C6805}.Debug|x86.Build.0 = Debug|x86
		{654855A7-7B7E-4669-951A-80B1C50C6805}.Debug|x86.Deploy.0 = Debug|x86
		{654855A7-7B7E-4669-951A-80B1C50C6805}.Release|x86.ActiveCfg = Release|x86
		{654855A7-7B7E-4669-951A-80B1C50C6805}.Release|x86.Build.0 = Release|x86
		{654855A7-7B7E-4669-951A-80B1C50C6805}.Release|x86.Deploy.0 = Release|x86
		{297D2854-52B6-4793-82B1-AE021F9C79B0}.Debug|x86.ActiveCfg = Debug|x86
		{297D2854-52B6-4793-82B1-AE021F9C79B0}.Debug|x86.Build.0 = Debug|x86
		{297D2854-52B6-4793-82B1-AE021F9C79B0}.Debug|x86.Deploy.0 = Debug|x86
		{297D2854-52B6-4793-82B1-AE021F9C79B0}.Release|x86.ActiveCfg = Release|x86
		{297D2854-52B6-4793-82B1-AE021F9C79B0}.Release|x86.Build.0 = Release|x86
		{297D2854-52B6-4793-82B1-AE021F9C79B0}.Release|x86.Deploy.0 = Release|x86
	EndGlobalSection
	GlobalSection(SolutionProperties) = preSolution
		HideSolutionNode = FALSE
	EndGlobalSection
	GlobalSection(ExtensibilityGlobals) = postSolution
		SolutionGuid = {74446E8B-80EE-4284-ADBD-843066886E18}
	EndGlobalSection
	GlobalSection(MonoDevelopProperties) = preSolution
		Policies = $0
		$0.DotNetNamingPolicy = $1
		$1.DirectoryNamespaceAssociation = PrefixedHierarchical
		$0.StandardHeader = $2
	EndGlobalSection
EndGlobal
